github.com/cli/browser v1.0.0/go.mod h1:IEWkHYbLjkhtjwwWlwTHW2lGxeS5gezEQBMLTwDHf5Q=
github.com/cli/oauth v1.0.1 h1:pXnTFl/qUegXHK531Dv0LNjW4mLx626eS42gnzfXJPA=
github.com/cli/oauth v1.0.1/go.mod h1:qd/FX8ZBD6n1sVNQO3aIdRxeu5LGw9WhKnYhIIoC2A4=
github.com/cli/safeexec v1.0.0/go.mod h1:Z/D4tTN8Vs5gXYHDCbaM1S/anmEDnJb1iW0+EJ5zx3Q=
github.com/google/go-cmp v0.5.2/go.mod h1:v8dTdLbMG2kIc/vJvl+f65V22dbkXbowE6jgT/gNBxE=
github.com/google/go-cmp v0.6.0 h1:ofyhxvXcZhMsU5ulbFiLKl/XBFqE1GSq7atu8tAmTRI=
github.com/google/go-cmp v0.6.0/go.mod h1:17dUlkBOakJ0+DkrSSNjCkIjxS6bF9zb3elmeNGIjoY=
github.com/google/go-github/v58 v58.0.1-0.20240110141909-207a38df70d6 h1:C7ZafuQCsbZeIfghnILM0JA8tJR6FCV/t7Xgoj2jVDM=
github.com/google/go-github/v58 v58.0.1-0.20240110141909-207a38df70d6/go.mod h1:k4hxDKEfoWpSqFlc8LTpGd9fu2KrV1YAa6Hi6FmDNY4=
github.com/google/go-querystring v1.1.0 h1:AnCroh3fv4ZBgVIf1Iwtovgjaw/GiKJo8M8yD/fhyJ8=
github.com/google/go-querystring v1.1.0/go.mod h1:Kcdr2DB4koayq7X8pmAG4sNG59So17icRSOU623lUBU=
golang.org/x/xerrors v0.0.0-20191204190536-9bdfabe68543/go.mod h1:I/5z698sn9Ka8TeJc9MKroUUfqBBauWjQqLJ2OPfmY0=
tractor.dev/toolkit-go v0.0.0-20240111035846-6a7f40f8500e h1:SEcTMsSsCwSU0Oy62SR6swgFfAqkA5XtkKMByAeOApQ=
tractor.dev/toolkit-go v0.0.0-20240111035846-6a7f40f8500e/go.mod h1:gteH4mWzJV+Y5zk6/Q6rPuWeOCFHnr55XPTgYEHuzUo=
